
Microsoft Visual Studio Solution File, Format Version 12.00
# Visual Studio Version 17
VisualStudioVersion = 17.3.32922.545
MinimumVisualStudioVersion = 10.0.40219.1
Project("{FAE04EC0-301F-11D3-BF4B-00C04F79EFBC}") = "ConsoleApp1", "ConsoleApp1\ConsoleApp1.csproj", "{36D98578-D342-4CAE-880F-4094E020A8F5}"
EndProject
Global
	GlobalSection(SolutionConfigurationPlatforms) = preSolution
		Debug|Any CPU = Debug|Any CPU
		Release|Any CPU = Release|Any CPU
	EndGlobalSection
	GlobalSection(ProjectConfigurationPlatforms) = postSolution
		{36D98578-D342-4CAE-880F-4094E020A8F5}.Debug|Any CPU.ActiveCfg = Debug|Any CPU
		{36D98578-D342-4CAE-880F-4094E020A8F5}.Debug|Any CPU.Build.0 = Debug|Any CPU
		{36D98578-D342-4CAE-880F-4094E020A8F5}.Release|Any CPU.ActiveCfg = Release|Any CPU
		{36D98578-D342-4CAE-880F-4094E020A8F5}.Release|Any CPU.Build.0 = Release|Any CPU
	EndGlobalSection
	GlobalSection(SolutionProperties) = preSolution
		HideSolutionNode = FALSE
	EndGlobalSection
	GlobalSection(ExtensibilityGlobals) = postSolution
		SolutionGuid = {903CF151-02D5-4BAE-8A2D-6E4926702216}
	EndGlobalSection
EndGlobal
